{
  "nodes": {
    "nixlib": {
      "locked": {
        "lastModified": 1764465291,
        "narHash": "sha256-jJ/E4B9Hp7U2ZmT3E0tD1LtAfATw/xjVf8sueNyeYmc=",
        "owner": "nix-community",
        "repo": "nixpkgs.lib",
        "rev": "e9537535ae8f4a2f78dbef0aaa0cbb6af4abd047",
        "type": "github"
      },
      "original": {
        "owner": "nix-community",
        "repo": "nixpkgs.lib",
        "type": "github"
      }
    },
    "nixpkgs": {
      "locked": {
        "lastModified": 1764642553,
        "narHash": "sha256-mvbFFzVBhVK1FjyPHZGMAKpNiqkr7k++xIwy+p/NQvA=",
        "owner": "NixOS",
        "repo": "nixpkgs",
        "rev": "f720de59066162ee879adcc8c79e15c51fe6bfb4",
        "type": "github"
      },
      "original": {
        "owner": "NixOS",
        "ref": "nixpkgs-unstable",
        "repo": "nixpkgs",
        "type": "github"
      }
    },
    "root": {
      "inputs": {
        "nixlib": "nixlib",
        "nixpkgs": "nixpkgs"
      }
    }
  },
  "root": "root",
  "version": 7
}
